
Microsoft Visual Studio Solution File, Format Version 12.00
# Visual Studio Version 16
VisualStudioVersion = 16.0.30523.141
MinimumVisualStudioVersion = 10.0.40219.1
Project("{FAE04EC0-301F-11D3-BF4B-00C04F79EFBC}") = "CollectionApplication", "CollectionApplication\CollectionApplication.csproj", "{0FB059F4-9155-4CCD-9BEF-5E069452DE05}"
EndProject
Global
	GlobalSection(SolutionConfigurationPlatforms) = preSolution
		Debug|Any CPU = Debug|Any CPU
		Release|Any CPU = Release|Any CPU
	EndGlobalSection
	GlobalSection(ProjectConfigurationPlatforms) = postSolution
		{0FB059F4-9155-4CCD-9BEF-5E069452DE05}.Debug|Any CPU.ActiveCfg = Debug|Any CPU
		{0FB059F4-9155-4CCD-9BEF-5E069452DE05}.Debug|Any CPU.Build.0 = Debug|Any CPU
		{0FB059F4-9155-4CCD-9BEF-5E069452DE05}.Release|Any CPU.ActiveCfg = Release|Any CPU
		{0FB059F4-9155-4CCD-9BEF-5E069452DE05}.Release|Any CPU.Build.0 = Release|Any CPU
	EndGlobalSection
	GlobalSection(SolutionProperties) = preSolution
		HideSolutionNode = FALSE
	EndGlobalSection
	GlobalSection(ExtensibilityGlobals) = postSolution
		SolutionGuid = {C0CBC959-2452-455A-9E50-FB356CC70F68}
	EndGlobalSection
EndGlobal
